
Microsoft Visual Studio Solution File, Format Version 12.00
# Visual Studio Version 17
VisualStudioVersion = 17.14.36301.6
MinimumVisualStudioVersion = 10.0.40219.1
Project("{FAE04EC0-301F-11D3-BF4B-00C04F79EFBC}") = "HabitTracker", "HabitTracker\HabitTracker.csproj", "{2EFC4FC9-0583-4F98-9344-B48B2EB6CAD9}"
EndProject
Project("{FAE04EC0-301F-11D3-BF4B-00C04F79EFBC}") = "HabitTrackerTests", "HabitTrackerTests\HabitTrackerTests.csproj", "{758EFA73-2066-4D99-9566-A8F1746DBBEC}"
EndProject
Global
	GlobalSection(SolutionConfigurationPlatforms) = preSolution
		Debug|Any CPU = Debug|Any CPU
		Release|Any CPU = Release|Any CPU
	EndGlobalSection
	GlobalSection(ProjectConfigurationPlatforms) = postSolution
		{2EFC4FC9-0583-4F98-9344-B48B2EB6CAD9}.Debug|Any CPU.ActiveCfg = Debug|Any CPU
		{2EFC4FC9-0583-4F98-9344-B48B2EB6CAD9}.Debug|Any CPU.Build.0 = Debug|Any CPU
		{2EFC4FC9-0583-4F98-9344-B48B2EB6CAD9}.Release|Any CPU.ActiveCfg = Release|Any CPU
		{2EFC4FC9-0583-4F98-9344-B48B2EB6CAD9}.Release|Any CPU.Build.0 = Release|Any CPU
		{758EFA73-2066-4D99-9566-A8F1746DBBEC}.Debug|Any CPU.ActiveCfg = Debug|Any CPU
		{758EFA73-2066-4D99-9566-A8F1746DBBEC}.Debug|Any CPU.Build.0 = Debug|Any CPU
		{758EFA73-2066-4D99-9566-A8F1746DBBEC}.Release|Any CPU.ActiveCfg = Release|Any CPU
		{758EFA73-2066-4D99-9566-A8F1746DBBEC}.Release|Any CPU.Build.0 = Release|Any CPU
	EndGlobalSection
	GlobalSection(SolutionProperties) = preSolution
		HideSolutionNode = FALSE
	EndGlobalSection
	GlobalSection(ExtensibilityGlobals) = postSolution
		SolutionGuid = {1B0B60CC-A8AB-430E-841B-F1E052BEFE01}
	EndGlobalSection
EndGlobal
